
Microsoft Visual Studio Solution File, Format Version 12.00
# Visual Studio 15
VisualStudioVersion = 15.0.27703.2035
MinimumVisualStudioVersion = 10.0.40219.1
Project("{FAE04EC0-301F-11D3-BF4B-00C04F79EFBC}") = "TicTacToe", "TicTacToe\TicTacToe.csproj", "{C03EB978-9A0E-44F1-A118-6843C0C8AF34}"
EndProject
Global
	GlobalSection(SolutionConfigurationPlatforms) = preSolution
		Debug|Any CPU = Debug|Any CPU
		Release|Any CPU = Release|Any CPU
	EndGlobalSection
	GlobalSection(ProjectConfigurationPlatforms) = postSolution
		{C03EB978-9A0E-44F1-A118-6843C0C8AF34}.Debug|Any CPU.ActiveCfg = Debug|Any CPU
		{C03EB978-9A0E-44F1-A118-6843C0C8AF34}.Debug|Any CPU.Build.0 = Debug|Any CPU
		{C03EB978-9A0E-44F1-A118-6843C0C8AF34}.Release|Any CPU.ActiveCfg = Release|Any CPU
		{C03EB978-9A0E-44F1-A118-6843C0C8AF34}.Release|Any CPU.Build.0 = Release|Any CPU
	EndGlobalSection
	GlobalSection(SolutionProperties) = preSolution
		HideSolutionNode = FALSE
	EndGlobalSection
	GlobalSection(ExtensibilityGlobals) = postSolution
		SolutionGuid = {E748B124-BE53-48F9-B55A-BD604346D3CD}
	EndGlobalSection
EndGlobal
